<?xml version="1.0" encoding="utf-8"?>
<Project ToolsVersion="4.0" xmlns="http://schemas.microsoft.com/developer/msbuild/2003">
  <ItemGroup>
    <Filter Include="Source Files">
      <UniqueIdentifier>{4FC737F1-C7A5-4376-A066-2A32D752A2FF}</UniqueIdentifier>
      <Extensions>cpp;c;cc;cxx;def;odl;idl;hpj;bat;asm;asmx</Extensions>
    </Filter>
    <Filter Include="Header Files">
      <UniqueIdentifier>{93995380-89BD-4b04-88EB-625FBE52EBFB}</UniqueIdentifier>
      <Extensions>h;hh;hpp;hxx;hm;inl;inc;ipp;xsd</Extensions>
    </Filter>
    <Filter Include="Resource Files">
      <UniqueIdentifier>{67DA6AB6-F800-4c08-8B7A-83BB121AAD01}</UniqueIdentifier>
      <Extensions>rc;ico;cur;bmp;dlg;rc2;rct;bin;rgs;gif;jpg;jpeg;jpe;resx;tiff;tif;png;wav;mfcribbon-ms</Extensions>
    </Filter>
  </ItemGroup>
  <ItemGroup>
    <ClCompile Include="DPCPPConsoleApplication1.cpp">
      <Filter>Source Files</Filter>
    </ClCompile>
  </ItemGroup>
  <ItemGroup>
    <ClInclude Include="C:\Program Files (x86)\Intel\oneAPI\compiler\2023.0.0\windows\include\sycl\accessor.hpp">
      <Filter>Header Files</Filter>
    </ClInclude>
    <ClInclude Include="C:\Program Files (x86)\Intel\oneAPI\compiler\2023.0.0\windows\include\sycl\aliases.hpp">
      <Filter>Header Files</Filter>
    </ClInclude>
    <ClInclude Include="C:\Program Files (x86)\Intel\oneAPI\compiler\2023.0.0\windows\include\sycl\aspects.hpp">
      <Filter>Header Files</Filter>
    </ClInclude>
    <ClInclude Include="C:\Program Files (x86)\Intel\oneAPI\compiler\2023.0.0\windows\include\sycl\atomic.hpp">
      <Filter>Header Files</Filter>
    </ClInclude>
    <ClInclude Include="C:\Program Files (x86)\Intel\oneAPI\compiler\2023.0.0\windows\include\sycl\atomic_fence.hpp">
      <Filter>Header Files</Filter>
    </ClInclude>
    <ClInclude Include="C:\Program Files (x86)\Intel\oneAPI\compiler\2023.0.0\windows\include\sycl\atomic_ref.hpp">
      <Filter>Header Files</Filter>
    </ClInclude>
    <ClInclude Include="C:\Program Files (x86)\Intel\oneAPI\compiler\2023.0.0\windows\include\sycl\backend.hpp">
      <Filter>Header Files</Filter>
    </ClInclude>
    <ClInclude Include="C:\Program Files (x86)\Intel\oneAPI\compiler\2023.0.0\windows\include\sycl\backend_types.hpp">
      <Filter>Header Files</Filter>
    </ClInclude>
    <ClInclude Include="C:\Program Files (x86)\Intel\oneAPI\compiler\2023.0.0\windows\include\sycl\bit_cast.hpp">
      <Filter>Header Files</Filter>
    </ClInclude>
    <ClInclude Include="C:\Program Files (x86)\Intel\oneAPI\compiler\2023.0.0\windows\include\sycl\buffer.hpp">
      <Filter>Header Files</Filter>
    </ClInclude>
    <ClInclude Include="C:\Program Files (x86)\Intel\oneAPI\compiler\2023.0.0\windows\include\sycl\builtins.hpp">
      <Filter>Header Files</Filter>
    </ClInclude>
    <ClInclude Include="C:\Program Files (x86)\Intel\oneAPI\compiler\2023.0.0\windows\include\sycl\builtins_esimd.hpp">
      <Filter>Header Files</Filter>
    </ClInclude>
    <ClInclude Include="C:\Program Files (x86)\Intel\oneAPI\compiler\2023.0.0\windows\include\sycl\context.hpp">
      <Filter>Header Files</Filter>
    </ClInclude>
    <ClInclude Include="C:\Program Files (x86)\Intel\oneAPI\compiler\2023.0.0\windows\include\sycl\define_vendors.hpp">
      <Filter>Header Files</Filter>
    </ClInclude>
    <ClInclude Include="C:\Program Files (x86)\Intel\oneAPI\compiler\2023.0.0\windows\include\sycl\device.hpp">
      <Filter>Header Files</Filter>
    </ClInclude>
    <ClInclude Include="C:\Program Files (x86)\Intel\oneAPI\compiler\2023.0.0\windows\include\sycl\device_event.hpp">
      <Filter>Header Files</Filter>
    </ClInclude>
    <ClInclude Include="C:\Program Files (x86)\Intel\oneAPI\compiler\2023.0.0\windows\include\sycl\device_selector.hpp">
      <Filter>Header Files</Filter>
    </ClInclude>
    <ClInclude Include="C:\Program Files (x86)\Intel\oneAPI\compiler\2023.0.0\windows\include\sycl\event.hpp">
      <Filter>Header Files</Filter>
    </ClInclude>
    <ClInclude Include="C:\Program Files (x86)\Intel\oneAPI\compiler\2023.0.0\windows\include\sycl\exception.hpp">
      <Filter>Header Files</Filter>
    </ClInclude>
    <ClInclude Include="C:\Program Files (x86)\Intel\oneAPI\compiler\2023.0.0\windows\include\sycl\exception_list.hpp">
      <Filter>Header Files</Filter>
    </ClInclude>
    <ClInclude Include="C:\Program Files (x86)\Intel\oneAPI\compiler\2023.0.0\windows\include\sycl\feature_test.hpp">
      <Filter>Header Files</Filter>
    </ClInclude>
    <ClInclude Include="C:\Program Files (x86)\Intel\oneAPI\compiler\2023.0.0\windows\include\sycl\functional.hpp">
      <Filter>Header Files</Filter>
    </ClInclude>
    <ClInclude Include="C:\Program Files (x86)\Intel\oneAPI\compiler\2023.0.0\windows\include\sycl\group.hpp">
      <Filter>Header Files</Filter>
    </ClInclude>
    <ClInclude Include="C:\Program Files (x86)\Intel\oneAPI\compiler\2023.0.0\windows\include\sycl\group_algorithm.hpp">
      <Filter>Header Files</Filter>
    </ClInclude>
    <ClInclude Include="C:\Program Files (x86)\Intel\oneAPI\compiler\2023.0.0\windows\include\sycl\group_local_memory.hpp">
      <Filter>Header Files</Filter>
    </ClInclude>
    <ClInclude Include="C:\Program Files (x86)\Intel\oneAPI\compiler\2023.0.0\windows\include\sycl\h_item.hpp">
      <Filter>Header Files</Filter>
    </ClInclude>
    <ClInclude Include="C:\Program Files (x86)\Intel\oneAPI\compiler\2023.0.0\windows\include\sycl\half_type.hpp">
      <Filter>Header Files</Filter>
    </ClInclude>
    <ClInclude Include="C:\Program Files (x86)\Intel\oneAPI\compiler\2023.0.0\windows\include\sycl\handler.hpp">
      <Filter>Header Files</Filter>
    </ClInclude>
    <ClInclude Include="C:\Program Files (x86)\Intel\oneAPI\compiler\2023.0.0\windows\include\sycl\id.hpp">
      <Filter>Header Files</Filter>
    </ClInclude>
    <ClInclude Include="C:\Program Files (x86)\Intel\oneAPI\compiler\2023.0.0\windows\include\sycl\image.hpp">
      <Filter>Header Files</Filter>
    </ClInclude>
    <ClInclude Include="C:\Program Files (x86)\Intel\oneAPI\compiler\2023.0.0\windows\include\sycl\interop_handle.hpp">
      <Filter>Header Files</Filter>
    </ClInclude>
    <ClInclude Include="C:\Program Files (x86)\Intel\oneAPI\compiler\2023.0.0\windows\include\sycl\interop_handler.hpp">
      <Filter>Header Files</Filter>
    </ClInclude>
    <ClInclude Include="C:\Program Files (x86)\Intel\oneAPI\compiler\2023.0.0\windows\include\sycl\item.hpp">
      <Filter>Header Files</Filter>
    </ClInclude>
    <ClInclude Include="C:\Program Files (x86)\Intel\oneAPI\compiler\2023.0.0\windows\include\sycl\kernel.hpp">
      <Filter>Header Files</Filter>
    </ClInclude>
    <ClInclude Include="C:\Program Files (x86)\Intel\oneAPI\compiler\2023.0.0\windows\include\sycl\kernel_bundle.hpp">
      <Filter>Header Files</Filter>
    </ClInclude>
    <ClInclude Include="C:\Program Files (x86)\Intel\oneAPI\compiler\2023.0.0\windows\include\sycl\kernel_bundle_enums.hpp">
      <Filter>Header Files</Filter>
    </ClInclude>
    <ClInclude Include="C:\Program Files (x86)\Intel\oneAPI\compiler\2023.0.0\windows\include\sycl\kernel_handler.hpp">
      <Filter>Header Files</Filter>
    </ClInclude>
    <ClInclude Include="C:\Program Files (x86)\Intel\oneAPI\compiler\2023.0.0\windows\include\sycl\known_identity.hpp">
      <Filter>Header Files</Filter>
    </ClInclude>
    <ClInclude Include="C:\Program Files (x86)\Intel\oneAPI\compiler\2023.0.0\windows\include\sycl\marray.hpp">
      <Filter>Header Files</Filter>
    </ClInclude>
    <ClInclude Include="C:\Program Files (x86)\Intel\oneAPI\compiler\2023.0.0\windows\include\sycl\memory_enums.hpp">
      <Filter>Header Files</Filter>
    </ClInclude>
    <ClInclude Include="C:\Program Files (x86)\Intel\oneAPI\compiler\2023.0.0\windows\include\sycl\multi_ptr.hpp">
      <Filter>Header Files</Filter>
    </ClInclude>
    <ClInclude Include="C:\Program Files (x86)\Intel\oneAPI\compiler\2023.0.0\windows\include\sycl\nd_item.hpp">
      <Filter>Header Files</Filter>
    </ClInclude>
    <ClInclude Include="C:\Program Files (x86)\Intel\oneAPI\compiler\2023.0.0\windows\include\sycl\nd_range.hpp">
      <Filter>Header Files</Filter>
    </ClInclude>
    <ClInclude Include="C:\Program Files (x86)\Intel\oneAPI\compiler\2023.0.0\windows\include\sycl\pipes.hpp">
      <Filter>Header Files</Filter>
    </ClInclude>
    <ClInclude Include="C:\Program Files (x86)\Intel\oneAPI\compiler\2023.0.0\windows\include\sycl\platform.hpp">
      <Filter>Header Files</Filter>
    </ClInclude>
    <ClInclude Include="C:\Program Files (x86)\Intel\oneAPI\compiler\2023.0.0\windows\include\sycl\pointers.hpp">
      <Filter>Header Files</Filter>
    </ClInclude>
    <ClInclude Include="C:\Program Files (x86)\Intel\oneAPI\compiler\2023.0.0\windows\include\sycl\property_list.hpp">
      <Filter>Header Files</Filter>
    </ClInclude>
    <ClInclude Include="C:\Program Files (x86)\Intel\oneAPI\compiler\2023.0.0\windows\include\sycl\property_list_conversion.hpp">
      <Filter>Header Files</Filter>
    </ClInclude>
    <ClInclude Include="C:\Program Files (x86)\Intel\oneAPI\compiler\2023.0.0\windows\include\sycl\queue.hpp">
      <Filter>Header Files</Filter>
    </ClInclude>
    <ClInclude Include="C:\Program Files (x86)\Intel\oneAPI\compiler\2023.0.0\windows\include\sycl\range.hpp">
      <Filter>Header Files</Filter>
    </ClInclude>
    <ClInclude Include="C:\Program Files (x86)\Intel\oneAPI\compiler\2023.0.0\windows\include\sycl\reduction.hpp">
      <Filter>Header Files</Filter>
    </ClInclude>
    <ClInclude Include="C:\Program Files (x86)\Intel\oneAPI\compiler\2023.0.0\windows\include\sycl\sampler.hpp">
      <Filter>Header Files</Filter>
    </ClInclude>
    <ClInclude Include="C:\Program Files (x86)\Intel\oneAPI\compiler\2023.0.0\windows\include\sycl\specialization_id.hpp">
      <Filter>Header Files</Filter>
    </ClInclude>
    <ClInclude Include="C:\Program Files (x86)\Intel\oneAPI\compiler\2023.0.0\windows\include\sycl\stl.hpp">
      <Filter>Header Files</Filter>
    </ClInclude>
    <ClInclude Include="C:\Program Files (x86)\Intel\oneAPI\compiler\2023.0.0\windows\include\sycl\stream.hpp">
      <Filter>Header Files</Filter>
    </ClInclude>
    <ClInclude Include="C:\Program Files (x86)\Intel\oneAPI\compiler\2023.0.0\windows\include\sycl\sub_group.hpp">
      <Filter>Header Files</Filter>
    </ClInclude>
    <ClInclude Include="C:\Program Files (x86)\Intel\oneAPI\compiler\2023.0.0\windows\include\sycl\sycl.hpp">
      <Filter>Header Files</Filter>
    </ClInclude>
    <ClInclude Include="C:\Program Files (x86)\Intel\oneAPI\compiler\2023.0.0\windows\include\sycl\sycl_span.hpp">
      <Filter>Header Files</Filter>
    </ClInclude>
    <ClInclude Include="C:\Program Files (x86)\Intel\oneAPI\compiler\2023.0.0\windows\include\sycl\types.hpp">
      <Filter>Header Files</Filter>
    </ClInclude>
    <ClInclude Include="C:\Program Files (x86)\Intel\oneAPI\compiler\2023.0.0\windows\include\sycl\usm.hpp">
      <Filter>Header Files</Filter>
    </ClInclude>
    <ClInclude Include="C:\Program Files (x86)\Intel\oneAPI\compiler\2023.0.0\windows\include\sycl\version.hpp">
      <Filter>Header Files</Filter>
    </ClInclude>
  </ItemGroup>
  <ItemGroup>
    <None Include="C:\Program Files (x86)\Intel\oneAPI\compiler\2023.0.0\windows\include\sycl\feature_test.hpp.in">
      <Filter>Header Files</Filter>
    </None>
    <None Include="C:\Program Files (x86)\Intel\oneAPI\compiler\2023.0.0\windows\include\sycl\swizzles.def">
      <Filter>Header Files</Filter>
    </None>
    <None Include="C:\Program Files (x86)\Intel\oneAPI\compiler\2023.0.0\windows\include\sycl\version.hpp.in">
      <Filter>Header Files</Filter>
    </None>
  </ItemGroup>
</Project>